
Microsoft Visual Studio Solution File, Format Version 12.00
# Visual Studio 15
VisualStudioVersion = 15.0.28010.2016
MinimumVisualStudioVersion = 10.0.40219.1
Project("{9A19103F-16F7-4668-BE54-9A1E7A4F7556}") = "Demo", "Demo\Demo.csproj", "{B9D922B6-E452-4566-8AB1-6E65490D9980}"
EndProject
Project("{9A19103F-16F7-4668-BE54-9A1E7A4F7556}") = "Biggest", "Biggest\Biggest.csproj", "{2C56A085-A853-4816-8DCA-103CFE42D6E3}"
EndProject
Project("{9A19103F-16F7-4668-BE54-9A1E7A4F7556}") = "LefAndRightSum", "LefAndRightSum\LefAndRightSum.csproj", "{E44CAB35-5464-45CA-93ED-15C67A9E8887}"
EndProject
Project("{9A19103F-16F7-4668-BE54-9A1E7A4F7556}") = "EvenAndOddPosition", "EvenAndOddPosition\EvenAndOddPosition.csproj", "{C7D2BBDF-8F39-4D88-9636-1E2026016318}"
EndProject
Project("{9A19103F-16F7-4668-BE54-9A1E7A4F7556}") = "SumOfOthers", "SumOfOthers\SumOfOthers.csproj", "{311AF81F-6E89-4B19-912C-CA51A3EF2AED}"
EndProject
Project("{9A19103F-16F7-4668-BE54-9A1E7A4F7556}") = "EvenAndOddHard", "EvenAndOddHard\EvenAndOddHard.csproj", "{208242D3-E23E-49AB-AEE0-02E9026D7413}"
EndProject
Project("{FAE04EC0-301F-11D3-BF4B-00C04F79EFBC}") = "Diagram", "Diagram\Diagram.csproj", "{DB0AB115-0D13-451A-A641-1D554A48AFB0}"
EndProject
Project("{FAE04EC0-301F-11D3-BF4B-00C04F79EFBC}") = "BirthdayMoney", "BirthdayMoney\BirthdayMoney.csproj", "{5AC2A59D-1BC1-487D-A0E3-B98F2177FFF6}"
EndProject
Global
	GlobalSection(SolutionConfigurationPlatforms) = preSolution
		Debug|Any CPU = Debug|Any CPU
		Release|Any CPU = Release|Any CPU
	EndGlobalSection
	GlobalSection(ProjectConfigurationPlatforms) = postSolution
		{B9D922B6-E452-4566-8AB1-6E65490D9980}.Debug|Any CPU.ActiveCfg = Debug|Any CPU
		{B9D922B6-E452-4566-8AB1-6E65490D9980}.Debug|Any CPU.Build.0 = Debug|Any CPU
		{B9D922B6-E452-4566-8AB1-6E65490D9980}.Release|Any CPU.ActiveCfg = Release|Any CPU
		{B9D922B6-E452-4566-8AB1-6E65490D9980}.Release|Any CPU.Build.0 = Release|Any CPU
		{2C56A085-A853-4816-8DCA-103CFE42D6E3}.Debug|Any CPU.ActiveCfg = Debug|Any CPU
		{2C56A085-A853-4816-8DCA-103CFE42D6E3}.Debug|Any CPU.Build.0 = Debug|Any CPU
		{2C56A085-A853-4816-8DCA-103CFE42D6E3}.Release|Any CPU.ActiveCfg = Release|Any CPU
		{2C56A085-A853-4816-8DCA-103CFE42D6E3}.Release|Any CPU.Build.0 = Release|Any CPU
		{E44CAB35-5464-45CA-93ED-15C67A9E8887}.Debug|Any CPU.ActiveCfg = Debug|Any CPU
		{E44CAB35-5464-45CA-93ED-15C67A9E8887}.Debug|Any CPU.Build.0 = Debug|Any CPU
		{E44CAB35-5464-45CA-93ED-15C67A9E8887}.Release|Any CPU.ActiveCfg = Release|Any CPU
		{E44CAB35-5464-45CA-93ED-15C67A9E8887}.Release|Any CPU.Build.0 = Release|Any CPU
		{C7D2BBDF-8F39-4D88-9636-1E2026016318}.Debug|Any CPU.ActiveCfg = Debug|Any CPU
		{C7D2BBDF-8F39-4D88-9636-1E2026016318}.Debug|Any CPU.Build.0 = Debug|Any CPU
		{C7D2BBDF-8F39-4D88-9636-1E2026016318}.Release|Any CPU.ActiveCfg = Release|Any CPU
		{C7D2BBDF-8F39-4D88-9636-1E2026016318}.Release|Any CPU.Build.0 = Release|Any CPU
		{311AF81F-6E89-4B19-912C-CA51A3EF2AED}.Debug|Any CPU.ActiveCfg = Debug|Any CPU
		{311AF81F-6E89-4B19-912C-CA51A3EF2AED}.Debug|Any CPU.Build.0 = Debug|Any CPU
		{311AF81F-6E89-4B19-912C-CA51A3EF2AED}.Release|Any CPU.ActiveCfg = Release|Any CPU
		{311AF81F-6E89-4B19-912C-CA51A3EF2AED}.Release|Any CPU.Build.0 = Release|Any CPU
		{208242D3-E23E-49AB-AEE0-02E9026D7413}.Debug|Any CPU.ActiveCfg = Debug|Any CPU
		{208242D3-E23E-49AB-AEE0-02E9026D7413}.Debug|Any CPU.Build.0 = Debug|Any CPU
		{208242D3-E23E-49AB-AEE0-02E9026D7413}.Release|Any CPU.ActiveCfg = Release|Any CPU
		{208242D3-E23E-49AB-AEE0-02E9026D7413}.Release|Any CPU.Build.0 = Release|Any CPU
		{DB0AB115-0D13-451A-A641-1D554A48AFB0}.Debug|Any CPU.ActiveCfg = Debug|Any CPU
		{DB0AB115-0D13-451A-A641-1D554A48AFB0}.Debug|Any CPU.Build.0 = Debug|Any CPU
		{DB0AB115-0D13-451A-A641-1D554A48AFB0}.Release|Any CPU.ActiveCfg = Release|Any CPU
		{DB0AB115-0D13-451A-A641-1D554A48AFB0}.Release|Any CPU.Build.0 = Release|Any CPU
		{5AC2A59D-1BC1-487D-A0E3-B98F2177FFF6}.Debug|Any CPU.ActiveCfg = Debug|Any CPU
		{5AC2A59D-1BC1-487D-A0E3-B98F2177FFF6}.Debug|Any CPU.Build.0 = Debug|Any CPU
		{5AC2A59D-1BC1-487D-A0E3-B98F2177FFF6}.Release|Any CPU.ActiveCfg = Release|Any CPU
		{5AC2A59D-1BC1-487D-A0E3-B98F2177FFF6}.Release|Any CPU.Build.0 = Release|Any CPU
	EndGlobalSection
	GlobalSection(SolutionProperties) = preSolution
		HideSolutionNode = FALSE
	EndGlobalSection
	GlobalSection(ExtensibilityGlobals) = postSolution
		SolutionGuid = {BA6D500B-7FE0-48C5-BB66-8A4CE0CEFB34}
	EndGlobalSection
EndGlobal
