
Microsoft Visual Studio Solution File, Format Version 12.00
# Visual Studio 15
VisualStudioVersion = 15.0.28010.2016
MinimumVisualStudioVersion = 10.0.40219.1
Project("{FAE04EC0-301F-11D3-BF4B-00C04F79EFBC}") = "Demo", "Demo\Demo.csproj", "{13321247-24AD-4A8A-8C03-3125E3CA67F7}"
EndProject
Project("{FAE04EC0-301F-11D3-BF4B-00C04F79EFBC}") = "SquareFromStars", "SquareFromStars\SquareFromStars.csproj", "{7579731B-1D9D-4E7A-8AF7-F9F89BF63F8C}"
EndProject
Project("{FAE04EC0-301F-11D3-BF4B-00C04F79EFBC}") = "TriangleFromDollars", "TriangleFromDollars\TriangleFromDollars.csproj", "{D9C032B9-847C-438D-9F4C-03D120AC9DBF}"
EndProject
Global
	GlobalSection(SolutionConfigurationPlatforms) = preSolution
		Debug|Any CPU = Debug|Any CPU
		Release|Any CPU = Release|Any CPU
	EndGlobalSection
	GlobalSection(ProjectConfigurationPlatforms) = postSolution
		{13321247-24AD-4A8A-8C03-3125E3CA67F7}.Debug|Any CPU.ActiveCfg = Debug|Any CPU
		{13321247-24AD-4A8A-8C03-3125E3CA67F7}.Debug|Any CPU.Build.0 = Debug|Any CPU
		{13321247-24AD-4A8A-8C03-3125E3CA67F7}.Release|Any CPU.ActiveCfg = Release|Any CPU
		{13321247-24AD-4A8A-8C03-3125E3CA67F7}.Release|Any CPU.Build.0 = Release|Any CPU
		{7579731B-1D9D-4E7A-8AF7-F9F89BF63F8C}.Debug|Any CPU.ActiveCfg = Debug|Any CPU
		{7579731B-1D9D-4E7A-8AF7-F9F89BF63F8C}.Debug|Any CPU.Build.0 = Debug|Any CPU
		{7579731B-1D9D-4E7A-8AF7-F9F89BF63F8C}.Release|Any CPU.ActiveCfg = Release|Any CPU
		{7579731B-1D9D-4E7A-8AF7-F9F89BF63F8C}.Release|Any CPU.Build.0 = Release|Any CPU
		{D9C032B9-847C-438D-9F4C-03D120AC9DBF}.Debug|Any CPU.ActiveCfg = Debug|Any CPU
		{D9C032B9-847C-438D-9F4C-03D120AC9DBF}.Debug|Any CPU.Build.0 = Debug|Any CPU
		{D9C032B9-847C-438D-9F4C-03D120AC9DBF}.Release|Any CPU.ActiveCfg = Release|Any CPU
		{D9C032B9-847C-438D-9F4C-03D120AC9DBF}.Release|Any CPU.Build.0 = Release|Any CPU
	EndGlobalSection
	GlobalSection(SolutionProperties) = preSolution
		HideSolutionNode = FALSE
	EndGlobalSection
	GlobalSection(ExtensibilityGlobals) = postSolution
		SolutionGuid = {0C43526E-FA4C-43B2-9762-03744BDD1CA0}
	EndGlobalSection
EndGlobal
