
Microsoft Visual Studio Solution File, Format Version 12.00
# Visual Studio 15
VisualStudioVersion = 15.0.28010.2016
MinimumVisualStudioVersion = 10.0.40219.1
Project("{FAE04EC0-301F-11D3-BF4B-00C04F79EFBC}") = "Cinema", "Cinema\Cinema.csproj", "{94905250-5A86-4893-90DD-F9AB471ABDD5}"
EndProject
Project("{FAE04EC0-301F-11D3-BF4B-00C04F79EFBC}") = "Rectangle", "Volleyball\Rectangle.csproj", "{8F27FF3A-80EC-4C55-8778-A5CDDA5A169A}"
EndProject
Global
	GlobalSection(SolutionConfigurationPlatforms) = preSolution
		Debug|Any CPU = Debug|Any CPU
		Release|Any CPU = Release|Any CPU
	EndGlobalSection
	GlobalSection(ProjectConfigurationPlatforms) = postSolution
		{94905250-5A86-4893-90DD-F9AB471ABDD5}.Debug|Any CPU.ActiveCfg = Debug|Any CPU
		{94905250-5A86-4893-90DD-F9AB471ABDD5}.Debug|Any CPU.Build.0 = Debug|Any CPU
		{94905250-5A86-4893-90DD-F9AB471ABDD5}.Release|Any CPU.ActiveCfg = Release|Any CPU
		{94905250-5A86-4893-90DD-F9AB471ABDD5}.Release|Any CPU.Build.0 = Release|Any CPU
		{8F27FF3A-80EC-4C55-8778-A5CDDA5A169A}.Debug|Any CPU.ActiveCfg = Debug|Any CPU
		{8F27FF3A-80EC-4C55-8778-A5CDDA5A169A}.Debug|Any CPU.Build.0 = Debug|Any CPU
		{8F27FF3A-80EC-4C55-8778-A5CDDA5A169A}.Release|Any CPU.ActiveCfg = Release|Any CPU
		{8F27FF3A-80EC-4C55-8778-A5CDDA5A169A}.Release|Any CPU.Build.0 = Release|Any CPU
	EndGlobalSection
	GlobalSection(SolutionProperties) = preSolution
		HideSolutionNode = FALSE
	EndGlobalSection
	GlobalSection(ExtensibilityGlobals) = postSolution
		SolutionGuid = {C7E05C47-7CC4-4349-A744-86E91775B4EA}
	EndGlobalSection
EndGlobal
